// !$*UTF8*$!
{
	archiveVersion = 1;
	classes = {
	};
	objectVersion = 46;
	objects = {

/* Begin PBXBuildFile section */
		14072D1F1EA48FC100FFC8B0 /* Table_Main.swift in Sources */ = {isa = PBXBuildFile; fileRef = 14072D1E1EA48FC100FFC8B0 /* Table_Main.swift */; };
		14072D211EA48FD900FFC8B0 /* Table_Add_Edit.swift in Sources */ = {isa = PBXBuildFile; fileRef = 14072D201EA48FD900FFC8B0 /* Table_Add_Edit.swift */; };
		14072D251EA4908B00FFC8B0 /* Table_Cell.swift in Sources */ = {isa = PBXBuildFile; fileRef = 14072D241EA4908B00FFC8B0 /* Table_Cell.swift */; };
		146E03E21EA529B5007A06AF /* Table_Call_Food.swift in Sources */ = {isa = PBXBuildFile; fileRef = 146E03E11EA529B5007A06AF /* Table_Call_Food.swift */; };
		147D449E1EA8CDCD00BAD4D4 /* SettingController.swift in Sources */ = {isa = PBXBuildFile; fileRef = 147D449D1EA8CDCD00BAD4D4 /* SettingController.swift */; };
		149AC7F71EA90505008D9477 /* Table_Pay_Cell.swift in Sources */ = {isa = PBXBuildFile; fileRef = 149AC7F61EA90505008D9477 /* Table_Pay_Cell.swift */; };
		149AC7F91EA9051A008D9477 /* Table_Call_Cell.swift in Sources */ = {isa = PBXBuildFile; fileRef = 149AC7F81EA9051A008D9477 /* Table_Call_Cell.swift */; };
		14A3FA421EA71AE7008D0870 /* SeedData.swift in Sources */ = {isa = PBXBuildFile; fileRef = 14A3FA411EA71AE7008D0870 /* SeedData.swift */; };
		14A3FA451EA71BF7008D0870 /* ReportItem.swift in Sources */ = {isa = PBXBuildFile; fileRef = 14A3FA431EA71BF7008D0870 /* ReportItem.swift */; };
		14A3FA461EA71BF7008D0870 /* ReportResult_ViewController.swift in Sources */ = {isa = PBXBuildFile; fileRef = 14A3FA441EA71BF7008D0870 /* ReportResult_ViewController.swift */; };
		14C16D1C1EA8D46C0071662E /* AppConfigs.swift in Sources */ = {isa = PBXBuildFile; fileRef = 14C16D1A1EA8D46C0071662E /* AppConfigs.swift */; };
		14C16D1D1EA8D46C0071662E /* AppData.swift in Sources */ = {isa = PBXBuildFile; fileRef = 14C16D1B1EA8D46C0071662E /* AppData.swift */; };
		14DA7F211EA71D3D009755AF /* RandomSwift3.swift in Sources */ = {isa = PBXBuildFile; fileRef = 14DA7F201EA71D3D009755AF /* RandomSwift3.swift */; };
		14E7AE471EA7D4B400E258E4 /* Table_Pay_Food.swift in Sources */ = {isa = PBXBuildFile; fileRef = 14E7AE461EA7D4B400E258E4 /* Table_Pay_Food.swift */; };
		6318AAB71E960ED900E0211C /* AppDelegate.swift in Sources */ = {isa = PBXBuildFile; fileRef = 6318AAB61E960ED900E0211C /* AppDelegate.swift */; };
		6318AAC11E960ED900E0211C /* Assets.xcassets in Resources */ = {isa = PBXBuildFile; fileRef = 6318AAC01E960ED900E0211C /* Assets.xcassets */; };
		6318AAD41E960F4500E0211C /* LaunchScreen.storyboard in Resources */ = {isa = PBXBuildFile; fileRef = 6318AAD21E960F4500E0211C /* LaunchScreen.storyboard */; };
		633F349B1EA4E648004C648B /* Report_TableViewCell.swift in Sources */ = {isa = PBXBuildFile; fileRef = 633F34961EA4E648004C648B /* Report_TableViewCell.swift */; };
		633F349C1EA4E648004C648B /* Report_TableViewController.swift in Sources */ = {isa = PBXBuildFile; fileRef = 633F34971EA4E648004C648B /* Report_TableViewController.swift */; };
		633F349D1EA4E648004C648B /* ReportFilter_ViewController.swift in Sources */ = {isa = PBXBuildFile; fileRef = 633F34981EA4E648004C648B /* ReportFilter_ViewController.swift */; };
		635229FA1E9E848300468B53 /* AddNewRegion_ViewController.swift in Sources */ = {isa = PBXBuildFile; fileRef = 635229F91E9E848300468B53 /* AddNewRegion_ViewController.swift */; };
		635229FC1E9E84B600468B53 /* UIImageExt.swift in Sources */ = {isa = PBXBuildFile; fileRef = 635229FB1E9E84B600468B53 /* UIImageExt.swift */; };
		635229FD1E9E85D900468B53 /* QuanLyQuanAn.xcdatamodeld in Sources */ = {isa = PBXBuildFile; fileRef = 63A07DEA1E9D2F6300459A3B /* QuanLyQuanAn.xcdatamodeld */; };
		63BA45301E9D3DD400EE27DC /* MyCustom_CollectionViewCell.swift in Sources */ = {isa = PBXBuildFile; fileRef = 63BA452E1E9D3DD400EE27DC /* MyCustom_CollectionViewCell.swift */; };
		63BA45311E9D3DD400EE27DC /* Region_ViewController.swift in Sources */ = {isa = PBXBuildFile; fileRef = 63BA452F1E9D3DD400EE27DC /* Region_ViewController.swift */; };
		63BA45331E9D3DDE00EE27DC /* EditRegion_ViewController.swift in Sources */ = {isa = PBXBuildFile; fileRef = 63BA45321E9D3DDE00EE27DC /* EditRegion_ViewController.swift */; };
		63BA45391E9D3EE600EE27DC /* Main.storyboard in Resources */ = {isa = PBXBuildFile; fileRef = 63BA45381E9D3EE600EE27DC /* Main.storyboard */; };
		AD06ECDB1EA5E53D00F550D8 /* ReportDay_ViewController.swift in Sources */ = {isa = PBXBuildFile; fileRef = AD06ECDA1EA5E53D00F550D8 /* ReportDay_ViewController.swift */; };
		AD06ECDD1EA5E54F00F550D8 /* ReportTime_ViewController.swift in Sources */ = {isa = PBXBuildFile; fileRef = AD06ECDC1EA5E54F00F550D8 /* ReportTime_ViewController.swift */; };
		AD553DDD1E977E68009A51CB /* Database.swift in Sources */ = {isa = PBXBuildFile; fileRef = AD553DDA1E977E68009A51CB /* Database.swift */; };
		AD553DDE1E977E68009A51CB /* GenericTypeHelper.swift in Sources */ = {isa = PBXBuildFile; fileRef = AD553DDB1E977E68009A51CB /* GenericTypeHelper.swift */; };
		AD553DDF1E977E68009A51CB /* UIPassingData.swift in Sources */ = {isa = PBXBuildFile; fileRef = AD553DDC1E977E68009A51CB /* UIPassingData.swift */; };
		F0266DE41EA4ADE900341345 /* AppExtension.swift in Sources */ = {isa = PBXBuildFile; fileRef = F0266DE31EA4ADE900341345 /* AppExtension.swift */; };
		F0590F051EA53371006057D6 /* Food_TableViewCell.swift in Sources */ = {isa = PBXBuildFile; fileRef = F0590F041EA53371006057D6 /* Food_TableViewCell.swift */; };
		F0B3ABCF1EA8009700FFFA79 /* Food_ViewController.swift in Sources */ = {isa = PBXBuildFile; fileRef = F0B3ABCE1EA8009700FFFA79 /* Food_ViewController.swift */; };
		F0BFEBBC1E9DA5400086A766 /* AddFood_ViewController.swift in Sources */ = {isa = PBXBuildFile; fileRef = F0BFEBBB1E9DA5400086A766 /* AddFood_ViewController.swift */; };
/* End PBXBuildFile section */

/* Begin PBXFileReference section */
		14072D1E1EA48FC100FFC8B0 /* Table_Main.swift */ = {isa = PBXFileReference; fileEncoding = 4; lastKnownFileType = sourcecode.swift; path = Table_Main.swift; sourceTree = "<group>"; };
		14072D201EA48FD900FFC8B0 /* Table_Add_Edit.swift */ = {isa = PBXFileReference; fileEncoding = 4; lastKnownFileType = sourcecode.swift; path = Table_Add_Edit.swift; sourceTree = "<group>"; };
		14072D241EA4908B00FFC8B0 /* Table_Cell.swift */ = {isa = PBXFileReference; fileEncoding = 4; lastKnownFileType = sourcecode.swift; path = Table_Cell.swift; sourceTree = "<group>"; };
		146E03E11EA529B5007A06AF /* Table_Call_Food.swift */ = {isa = PBXFileReference; fileEncoding = 4; lastKnownFileType = sourcecode.swift; path = Table_Call_Food.swift; sourceTree = "<group>"; };
		147D449D1EA8CDCD00BAD4D4 /* SettingController.swift */ = {isa = PBXFileReference; fileEncoding = 4; lastKnownFileType = sourcecode.swift; path = SettingController.swift; sourceTree = "<group>"; };
		149AC7F61EA90505008D9477 /* Table_Pay_Cell.swift */ = {isa = PBXFileReference; fileEncoding = 4; lastKnownFileType = sourcecode.swift; path = Table_Pay_Cell.swift; sourceTree = "<group>"; };
		149AC7F81EA9051A008D9477 /* Table_Call_Cell.swift */ = {isa = PBXFileReference; fileEncoding = 4; lastKnownFileType = sourcecode.swift; path = Table_Call_Cell.swift; sourceTree = "<group>"; };
		14A3FA411EA71AE7008D0870 /* SeedData.swift */ = {isa = PBXFileReference; fileEncoding = 4; lastKnownFileType = sourcecode.swift; path = SeedData.swift; sourceTree = "<group>"; };
		14A3FA431EA71BF7008D0870 /* ReportItem.swift */ = {isa = PBXFileReference; fileEncoding = 4; lastKnownFileType = sourcecode.swift; path = ReportItem.swift; sourceTree = "<group>"; };
		14A3FA441EA71BF7008D0870 /* ReportResult_ViewController.swift */ = {isa = PBXFileReference; fileEncoding = 4; lastKnownFileType = sourcecode.swift; path = ReportResult_ViewController.swift; sourceTree = "<group>"; };
		14C16D1A1EA8D46C0071662E /* AppConfigs.swift */ = {isa = PBXFileReference; fileEncoding = 4; lastKnownFileType = sourcecode.swift; path = AppConfigs.swift; sourceTree = "<group>"; };
		14C16D1B1EA8D46C0071662E /* AppData.swift */ = {isa = PBXFileReference; fileEncoding = 4; lastKnownFileType = sourcecode.swift; path = AppData.swift; sourceTree = "<group>"; };
		14DA7F201EA71D3D009755AF /* RandomSwift3.swift */ = {isa = PBXFileReference; fileEncoding = 4; lastKnownFileType = sourcecode.swift; path = RandomSwift3.swift; sourceTree = "<group>"; };
		14E7AE461EA7D4B400E258E4 /* Table_Pay_Food.swift */ = {isa = PBXFileReference; fileEncoding = 4; lastKnownFileType = sourcecode.swift; path = Table_Pay_Food.swift; sourceTree = "<group>"; };
		6318AAB31E960ED900E0211C /* QuanLyQuanAn.app */ = {isa = PBXFileReference; explicitFileType = wrapper.application; includeInIndex = 0; path = QuanLyQuanAn.app; sourceTree = BUILT_PRODUCTS_DIR; };
		6318AAB61E960ED900E0211C /* AppDelegate.swift */ = {isa = PBXFileReference; lastKnownFileType = sourcecode.swift; path = AppDelegate.swift; sourceTree = "<group>"; };
		6318AAC01E960ED900E0211C /* Assets.xcassets */ = {isa = PBXFileReference; lastKnownFileType = folder.assetcatalog; path = Assets.xcassets; sourceTree = "<group>"; };
		6318AAC51E960ED900E0211C /* Info.plist */ = {isa = PBXFileReference; lastKnownFileType = text.plist.xml; path = Info.plist; sourceTree = "<group>"; };
		6318AAD21E960F4500E0211C /* LaunchScreen.storyboard */ = {isa = PBXFileReference; fileEncoding = 4; lastKnownFileType = file.storyboard; path = LaunchScreen.storyboard; sourceTree = "<group>"; };
		633F34961EA4E648004C648B /* Report_TableViewCell.swift */ = {isa = PBXFileReference; fileEncoding = 4; lastKnownFileType = sourcecode.swift; path = Report_TableViewCell.swift; sourceTree = "<group>"; };
		633F34971EA4E648004C648B /* Report_TableViewController.swift */ = {isa = PBXFileReference; fileEncoding = 4; lastKnownFileType = sourcecode.swift; path = Report_TableViewController.swift; sourceTree = "<group>"; };
		633F34981EA4E648004C648B /* ReportFilter_ViewController.swift */ = {isa = PBXFileReference; fileEncoding = 4; lastKnownFileType = sourcecode.swift; path = ReportFilter_ViewController.swift; sourceTree = "<group>"; };
		635229F91E9E848300468B53 /* AddNewRegion_ViewController.swift */ = {isa = PBXFileReference; fileEncoding = 4; lastKnownFileType = sourcecode.swift; path = AddNewRegion_ViewController.swift; sourceTree = "<group>"; };
		635229FB1E9E84B600468B53 /* UIImageExt.swift */ = {isa = PBXFileReference; fileEncoding = 4; lastKnownFileType = sourcecode.swift; path = UIImageExt.swift; sourceTree = "<group>"; };
		63A07DEB1E9D2F6300459A3B /* QuanLyQuanAn.xcdatamodel */ = {isa = PBXFileReference; lastKnownFileType = wrapper.xcdatamodel; path = QuanLyQuanAn.xcdatamodel; sourceTree = "<group>"; };
		63BA45241E9D3C5C00EE27DC /* QuanLyQuanAn 2.xcdatamodel */ = {isa = PBXFileReference; lastKnownFileType = wrapper.xcdatamodel; path = "QuanLyQuanAn 2.xcdatamodel"; sourceTree = "<group>"; };
		63BA452E1E9D3DD400EE27DC /* MyCustom_CollectionViewCell.swift */ = {isa = PBXFileReference; fileEncoding = 4; lastKnownFileType = sourcecode.swift; path = MyCustom_CollectionViewCell.swift; sourceTree = "<group>"; };
		63BA452F1E9D3DD400EE27DC /* Region_ViewController.swift */ = {isa = PBXFileReference; fileEncoding = 4; lastKnownFileType = sourcecode.swift; path = Region_ViewController.swift; sourceTree = "<group>"; };
		63BA45321E9D3DDE00EE27DC /* EditRegion_ViewController.swift */ = {isa = PBXFileReference; fileEncoding = 4; lastKnownFileType = sourcecode.swift; path = EditRegion_ViewController.swift; sourceTree = "<group>"; };
		63BA45381E9D3EE600EE27DC /* Main.storyboard */ = {isa = PBXFileReference; fileEncoding = 4; lastKnownFileType = file.storyboard; path = Main.storyboard; sourceTree = "<group>"; };
		AD06ECDA1EA5E53D00F550D8 /* ReportDay_ViewController.swift */ = {isa = PBXFileReference; fileEncoding = 4; lastKnownFileType = sourcecode.swift; path = ReportDay_ViewController.swift; sourceTree = "<group>"; };
		AD06ECDC1EA5E54F00F550D8 /* ReportTime_ViewController.swift */ = {isa = PBXFileReference; fileEncoding = 4; lastKnownFileType = sourcecode.swift; path = ReportTime_ViewController.swift; sourceTree = "<group>"; };
		AD553DDA1E977E68009A51CB /* Database.swift */ = {isa = PBXFileReference; fileEncoding = 4; lastKnownFileType = sourcecode.swift; path = Database.swift; sourceTree = "<group>"; };
		AD553DDB1E977E68009A51CB /* GenericTypeHelper.swift */ = {isa = PBXFileReference; fileEncoding = 4; lastKnownFileType = sourcecode.swift; path = GenericTypeHelper.swift; sourceTree = "<group>"; };
		AD553DDC1E977E68009A51CB /* UIPassingData.swift */ = {isa = PBXFileReference; fileEncoding = 4; lastKnownFileType = sourcecode.swift; path = UIPassingData.swift; sourceTree = "<group>"; };
		F0266DE31EA4ADE900341345 /* AppExtension.swift */ = {isa = PBXFileReference; fileEncoding = 4; lastKnownFileType = sourcecode.swift; path = AppExtension.swift; sourceTree = "<group>"; };
		F0590F041EA53371006057D6 /* Food_TableViewCell.swift */ = {isa = PBXFileReference; fileEncoding = 4; lastKnownFileType = sourcecode.swift; path = Food_TableViewCell.swift; sourceTree = "<group>"; };
		F0B3ABCE1EA8009700FFFA79 /* Food_ViewController.swift */ = {isa = PBXFileReference; fileEncoding = 4; lastKnownFileType = sourcecode.swift; path = Food_ViewController.swift; sourceTree = "<group>"; };
		F0BFEBBB1E9DA5400086A766 /* AddFood_ViewController.swift */ = {isa = PBXFileReference; fileEncoding = 4; lastKnownFileType = sourcecode.swift; path = AddFood_ViewController.swift; sourceTree = "<group>"; };
/* End PBXFileReference section */

/* Begin PBXFrameworksBuildPhase section */
		6318AAB01E960ED900E0211C /* Frameworks */ = {
			isa = PBXFrameworksBuildPhase;
			buildActionMask = 2147483647;
			files = (
			);
			runOnlyForDeploymentPostprocessing = 0;
		};
/* End PBXFrameworksBuildPhase section */

/* Begin PBXGroup section */
		147D449C1EA8CDCD00BAD4D4 /* Setting */ = {
			isa = PBXGroup;
			children = (
				147D449D1EA8CDCD00BAD4D4 /* SettingController.swift */,
			);
			path = Setting;
			sourceTree = "<group>";
		};
		6318AAAA1E960ED900E0211C = {
			isa = PBXGroup;
			children = (
				6318AAB51E960ED900E0211C /* QuanLyQuanAn */,
				6318AAB41E960ED900E0211C /* Products */,
			);
			sourceTree = "<group>";
		};
		6318AAB41E960ED900E0211C /* Products */ = {
			isa = PBXGroup;
			children = (
				6318AAB31E960ED900E0211C /* QuanLyQuanAn.app */,
			);
			name = Products;
			sourceTree = "<group>";
		};
		6318AAB51E960ED900E0211C /* QuanLyQuanAn */ = {
			isa = PBXGroup;
			children = (
				63BA45261E9D3D7300EE27DC /* Controller */,
				6318AACC1E960F0800E0211C /* Resource */,
				6318AACD1E960F0800E0211C /* Helper */,
				6318AACE1E960F0800E0211C /* View */,
				6318AACF1E960F0800E0211C /* Model */,
				6318AAB61E960ED900E0211C /* AppDelegate.swift */,
				14C16D1A1EA8D46C0071662E /* AppConfigs.swift */,
				14C16D1B1EA8D46C0071662E /* AppData.swift */,
				6318AAC01E960ED900E0211C /* Assets.xcassets */,
				6318AAC51E960ED900E0211C /* Info.plist */,
			);
			path = QuanLyQuanAn;
			sourceTree = "<group>";
		};
		6318AACC1E960F0800E0211C /* Resource */ = {
			isa = PBXGroup;
			children = (
			);
			path = Resource;
			sourceTree = "<group>";
		};
		6318AACD1E960F0800E0211C /* Helper */ = {
			isa = PBXGroup;
			children = (
				14DA7F201EA71D3D009755AF /* RandomSwift3.swift */,
				635229FB1E9E84B600468B53 /* UIImageExt.swift */,
				AD553DDA1E977E68009A51CB /* Database.swift */,
				AD553DDB1E977E68009A51CB /* GenericTypeHelper.swift */,
				AD553DDC1E977E68009A51CB /* UIPassingData.swift */,
				F0266DE31EA4ADE900341345 /* AppExtension.swift */,
			);
			path = Helper;
			sourceTree = "<group>";
		};
		6318AACE1E960F0800E0211C /* View */ = {
			isa = PBXGroup;
			children = (
				63BA45381E9D3EE600EE27DC /* Main.storyboard */,
				6318AAD21E960F4500E0211C /* LaunchScreen.storyboard */,
			);
			path = View;
			sourceTree = "<group>";
		};
		6318AACF1E960F0800E0211C /* Model */ = {
			isa = PBXGroup;
			children = (
				14A3FA411EA71AE7008D0870 /* SeedData.swift */,
				63A07DEA1E9D2F6300459A3B /* QuanLyQuanAn.xcdatamodeld */,
			);
			path = Model;
			sourceTree = "<group>";
		};
		634B53741E9F7CF50014B749 /* Report */ = {
			isa = PBXGroup;
			children = (
				14A3FA431EA71BF7008D0870 /* ReportItem.swift */,
				14A3FA441EA71BF7008D0870 /* ReportResult_ViewController.swift */,
				633F34961EA4E648004C648B /* Report_TableViewCell.swift */,
				633F34971EA4E648004C648B /* Report_TableViewController.swift */,
				633F34981EA4E648004C648B /* ReportFilter_ViewController.swift */,
				AD06ECDA1EA5E53D00F550D8 /* ReportDay_ViewController.swift */,
				AD06ECDC1EA5E54F00F550D8 /* ReportTime_ViewController.swift */,
			);
			path = Report;
			sourceTree = "<group>";
		};
		63BA45261E9D3D7300EE27DC /* Controller */ = {
			isa = PBXGroup;
			children = (
				147D449C1EA8CDCD00BAD4D4 /* Setting */,
				634B53741E9F7CF50014B749 /* Report */,
				63BA452A1E9D3DBC00EE27DC /* Region */,
				63BA452C1E9D3DBC00EE27DC /* Table */,
				63BA452D1E9D3DBC00EE27DC /* Order */,
				63BA45271E9D3D7300EE27DC /* Food */,
			);
			path = Controller;
			sourceTree = "<group>";
		};
		63BA45271E9D3D7300EE27DC /* Food */ = {
			isa = PBXGroup;
			children = (
				F0BFEBBB1E9DA5400086A766 /* AddFood_ViewController.swift */,
				F0590F041EA53371006057D6 /* Food_TableViewCell.swift */,
				F0B3ABCE1EA8009700FFFA79 /* Food_ViewController.swift */,
			);
			path = Food;
			sourceTree = "<group>";
		};
		63BA452A1E9D3DBC00EE27DC /* Region */ = {
			isa = PBXGroup;
			children = (
				635229F91E9E848300468B53 /* AddNewRegion_ViewController.swift */,
				63BA45321E9D3DDE00EE27DC /* EditRegion_ViewController.swift */,
				63BA452E1E9D3DD400EE27DC /* MyCustom_CollectionViewCell.swift */,
				63BA452F1E9D3DD400EE27DC /* Region_ViewController.swift */,
			);
			path = Region;
			sourceTree = "<group>";
		};
		63BA452C1E9D3DBC00EE27DC /* Table */ = {
			isa = PBXGroup;
			children = (
				14072D201EA48FD900FFC8B0 /* Table_Add_Edit.swift */,
				14072D1E1EA48FC100FFC8B0 /* Table_Main.swift */,
				14072D241EA4908B00FFC8B0 /* Table_Cell.swift */,
				146E03E11EA529B5007A06AF /* Table_Call_Food.swift */,
				149AC7F81EA9051A008D9477 /* Table_Call_Cell.swift */,
				14E7AE461EA7D4B400E258E4 /* Table_Pay_Food.swift */,
				149AC7F61EA90505008D9477 /* Table_Pay_Cell.swift */,
			);
			path = Table;
			sourceTree = "<group>";
		};
		63BA452D1E9D3DBC00EE27DC /* Order */ = {
			isa = PBXGroup;
			children = (
			);
			path = Order;
			sourceTree = "<group>";
		};
/* End PBXGroup section */

/* Begin PBXNativeTarget section */
		6318AAB21E960ED900E0211C /* QuanLyQuanAn */ = {
			isa = PBXNativeTarget;
			buildConfigurationList = 6318AAC81E960ED900E0211C /* Build configuration list for PBXNativeTarget "QuanLyQuanAn" */;
			buildPhases = (
				6318AAAF1E960ED900E0211C /* Sources */,
				6318AAB01E960ED900E0211C /* Frameworks */,
				6318AAB11E960ED900E0211C /* Resources */,
			);
			buildRules = (
			);
			dependencies = (
			);
			name = QuanLyQuanAn;
			productName = QuanLyQuanAn;
			productReference = 6318AAB31E960ED900E0211C /* QuanLyQuanAn.app */;
			productType = "com.apple.product-type.application";
		};
/* End PBXNativeTarget section */

/* Begin PBXProject section */
		6318AAAB1E960ED900E0211C /* Project object */ = {
			isa = PBXProject;
			attributes = {
				LastSwiftUpdateCheck = 0830;
				LastUpgradeCheck = 0830;
				ORGANIZATIONNAME = "Shin-MacDesk";
				TargetAttributes = {
					6318AAB21E960ED900E0211C = {
						CreatedOnToolsVersion = 8.3;
						ProvisioningStyle = Automatic;
					};
				};
			};
			buildConfigurationList = 6318AAAE1E960ED900E0211C /* Build configuration list for PBXProject "QuanLyQuanAn" */;
			compatibilityVersion = "Xcode 3.2";
			developmentRegion = English;
			hasScannedForEncodings = 0;
			knownRegions = (
				en,
				Base,
			);
			mainGroup = 6318AAAA1E960ED900E0211C;
			productRefGroup = 6318AAB41E960ED900E0211C /* Products */;
			projectDirPath = "";
			projectRoot = "";
			targets = (
				6318AAB21E960ED900E0211C /* QuanLyQuanAn */,
			);
		};
/* End PBXProject section */

/* Begin PBXResourcesBuildPhase section */
		6318AAB11E960ED900E0211C /* Resources */ = {
			isa = PBXResourcesBuildPhase;
			buildActionMask = 2147483647;
			files = (
				63BA45391E9D3EE600EE27DC /* Main.storyboard in Resources */,
				6318AAD41E960F4500E0211C /* LaunchScreen.storyboard in Resources */,
				6318AAC11E960ED900E0211C /* Assets.xcassets in Resources */,
			);
			runOnlyForDeploymentPostprocessing = 0;
		};
/* End PBXResourcesBuildPhase section */

/* Begin PBXSourcesBuildPhase section */
		6318AAAF1E960ED900E0211C /* Sources */ = {
			isa = PBXSourcesBuildPhase;
			buildActionMask = 2147483647;
			files = (
				633F349D1EA4E648004C648B /* ReportFilter_ViewController.swift in Sources */,
				AD553DDF1E977E68009A51CB /* UIPassingData.swift in Sources */,
				63BA45301E9D3DD400EE27DC /* MyCustom_CollectionViewCell.swift in Sources */,
				F0B3ABCF1EA8009700FFFA79 /* Food_ViewController.swift in Sources */,
				149AC7F91EA9051A008D9477 /* Table_Call_Cell.swift in Sources */,
				AD06ECDD1EA5E54F00F550D8 /* ReportTime_ViewController.swift in Sources */,
				F0BFEBBC1E9DA5400086A766 /* AddFood_ViewController.swift in Sources */,
				AD553DDE1E977E68009A51CB /* GenericTypeHelper.swift in Sources */,
				147D449E1EA8CDCD00BAD4D4 /* SettingController.swift in Sources */,
				14DA7F211EA71D3D009755AF /* RandomSwift3.swift in Sources */,
				635229FD1E9E85D900468B53 /* QuanLyQuanAn.xcdatamodeld in Sources */,
				14E7AE471EA7D4B400E258E4 /* Table_Pay_Food.swift in Sources */,
				6318AAB71E960ED900E0211C /* AppDelegate.swift in Sources */,
				633F349B1EA4E648004C648B /* Report_TableViewCell.swift in Sources */,
				14072D1F1EA48FC100FFC8B0 /* Table_Main.swift in Sources */,
				14C16D1D1EA8D46C0071662E /* AppData.swift in Sources */,
				14A3FA421EA71AE7008D0870 /* SeedData.swift in Sources */,
				14A3FA451EA71BF7008D0870 /* ReportItem.swift in Sources */,
				AD553DDD1E977E68009A51CB /* Database.swift in Sources */,
				F0266DE41EA4ADE900341345 /* AppExtension.swift in Sources */,
				633F349C1EA4E648004C648B /* Report_TableViewController.swift in Sources */,
				635229FA1E9E848300468B53 /* AddNewRegion_ViewController.swift in Sources */,
				14A3FA461EA71BF7008D0870 /* ReportResult_ViewController.swift in Sources */,
				635229FC1E9E84B600468B53 /* UIImageExt.swift in Sources */,
				14072D251EA4908B00FFC8B0 /* Table_Cell.swift in Sources */,
				14C16D1C1EA8D46C0071662E /* AppConfigs.swift in Sources */,
				AD06ECDB1EA5E53D00F550D8 /* ReportDay_ViewController.swift in Sources */,
				14072D211EA48FD900FFC8B0 /* Table_Add_Edit.swift in Sources */,
				146E03E21EA529B5007A06AF /* Table_Call_Food.swift in Sources */,
				63BA45331E9D3DDE00EE27DC /* EditRegion_ViewController.swift in Sources */,
				63BA45311E9D3DD400EE27DC /* Region_ViewController.swift in Sources */,
				F0590F051EA53371006057D6 /* Food_TableViewCell.swift in Sources */,
				149AC7F71EA90505008D9477 /* Table_Pay_Cell.swift in Sources */,
			);
			runOnlyForDeploymentPostprocessing = 0;
		};
/* End PBXSourcesBuildPhase section */

/* Begin XCBuildConfiguration section */
		6318AAC61E960ED900E0211C /* Debug */ = {
			isa = XCBuildConfiguration;
			buildSettings = {
				ALWAYS_SEARCH_USER_PATHS = NO;
				CLANG_ANALYZER_NONNULL = YES;
				CLANG_ANALYZER_NUMBER_OBJECT_CONVERSION = YES_AGGRESSIVE;
				CLANG_CXX_LANGUAGE_STANDARD = "gnu++0x";
				CLANG_CXX_LIBRARY = "libc++";
				CLANG_ENABLE_MODULES = YES;
				CLANG_ENABLE_OBJC_ARC = YES;
				CLANG_WARN_BOOL_CONVERSION = YES;
				CLANG_WARN_CONSTANT_CONVERSION = YES;
				CLANG_WARN_DIRECT_OBJC_ISA_USAGE = YES_ERROR;
				CLANG_WARN_DOCUMENTATION_COMMENTS = YES;
				CLANG_WARN_EMPTY_BODY = YES;
				CLANG_WARN_ENUM_CONVERSION = YES;
				CLANG_WARN_INFINITE_RECURSION = YES;
				CLANG_WARN_INT_CONVERSION = YES;
				CLANG_WARN_OBJC_ROOT_CLASS = YES_ERROR;
				CLANG_WARN_SUSPICIOUS_MOVE = YES;
				CLANG_WARN_UNREACHABLE_CODE = YES;
				CLANG_WARN__DUPLICATE_METHOD_MATCH = YES;
				"CODE_SIGN_IDENTITY[sdk=iphoneos*]" = "iPhone Developer";
				COPY_PHASE_STRIP = NO;
				DEBUG_INFORMATION_FORMAT = dwarf;
				ENABLE_STRICT_OBJC_MSGSEND = YES;
				ENABLE_TESTABILITY = YES;
				GCC_C_LANGUAGE_STANDARD = gnu99;
				GCC_DYNAMIC_NO_PIC = NO;
				GCC_NO_COMMON_BLOCKS = YES;
				GCC_OPTIMIZATION_LEVEL = 0;
				GCC_PREPROCESSOR_DEFINITIONS = (
					"DEBUG=1",
					"$(inherited)",
				);
				GCC_WARN_64_TO_32_BIT_CONVERSION = YES;
				GCC_WARN_ABOUT_RETURN_TYPE = YES_ERROR;
				GCC_WARN_UNDECLARED_SELECTOR = YES;
				GCC_WARN_UNINITIALIZED_AUTOS = YES_AGGRESSIVE;
				GCC_WARN_UNUSED_FUNCTION = YES;
				GCC_WARN_UNUSED_VARIABLE = YES;
				IPHONEOS_DEPLOYMENT_TARGET = 10.3;
				MTL_ENABLE_DEBUG_INFO = YES;
				ONLY_ACTIVE_ARCH = YES;
				SDKROOT = iphoneos;
				SWIFT_ACTIVE_COMPILATION_CONDITIONS = DEBUG;
				SWIFT_OPTIMIZATION_LEVEL = "-Onone";
				TARGETED_DEVICE_FAMILY = "1,2";
			};
			name = Debug;
		};
		6318AAC71E960ED900E0211C /* Release */ = {
			isa = XCBuildConfiguration;
			buildSettings = {
				ALWAYS_SEARCH_USER_PATHS = NO;
				CLANG_ANALYZER_NONNULL = YES;
				CLANG_ANALYZER_NUMBER_OBJECT_CONVERSION = YES_AGGRESSIVE;
				CLANG_CXX_LANGUAGE_STANDARD = "gnu++0x";
				CLANG_CXX_LIBRARY = "libc++";
				CLANG_ENABLE_MODULES = YES;
				CLANG_ENABLE_OBJC_ARC = YES;
				CLANG_WARN_BOOL_CONVERSION = YES;
				CLANG_WARN_CONSTANT_CONVERSION = YES;
				CLANG_WARN_DIRECT_OBJC_ISA_USAGE = YES_ERROR;
				CLANG_WARN_DOCUMENTATION_COMMENTS = YES;
				CLANG_WARN_EMPTY_BODY = YES;
				CLANG_WARN_ENUM_CONVERSION = YES;
				CLANG_WARN_INFINITE_RECURSION = YES;
				CLANG_WARN_INT_CONVERSION = YES;
				CLANG_WARN_OBJC_ROOT_CLASS = YES_ERROR;
				CLANG_WARN_SUSPICIOUS_MOVE = YES;
				CLANG_WARN_UNREACHABLE_CODE = YES;
				CLANG_WARN__DUPLICATE_METHOD_MATCH = YES;
				"CODE_SIGN_IDENTITY[sdk=iphoneos*]" = "iPhone Developer";
				COPY_PHASE_STRIP = NO;
				DEBUG_INFORMATION_FORMAT = "dwarf-with-dsym";
				ENABLE_NS_ASSERTIONS = NO;
				ENABLE_STRICT_OBJC_MSGSEND = YES;
				GCC_C_LANGUAGE_STANDARD = gnu99;
				GCC_NO_COMMON_BLOCKS = YES;
				GCC_WARN_64_TO_32_BIT_CONVERSION = YES;
				GCC_WARN_ABOUT_RETURN_TYPE = YES_ERROR;
				GCC_WARN_UNDECLARED_SELECTOR = YES;
				GCC_WARN_UNINITIALIZED_AUTOS = YES_AGGRESSIVE;
				GCC_WARN_UNUSED_FUNCTION = YES;
				GCC_WARN_UNUSED_VARIABLE = YES;
				IPHONEOS_DEPLOYMENT_TARGET = 10.3;
				MTL_ENABLE_DEBUG_INFO = NO;
				SDKROOT = iphoneos;
				SWIFT_OPTIMIZATION_LEVEL = "-Owholemodule";
				TARGETED_DEVICE_FAMILY = "1,2";
				VALIDATE_PRODUCT = YES;
			};
			name = Release;
		};
		6318AAC91E960ED900E0211C /* Debug */ = {
			isa = XCBuildConfiguration;
			buildSettings = {
				ASSETCATALOG_COMPILER_APPICON_NAME = AppIcon;
				INFOPLIST_FILE = QuanLyQuanAn/Info.plist;
				IPHONEOS_DEPLOYMENT_TARGET = 10.2;
				LD_RUNPATH_SEARCH_PATHS = "$(inherited) @executable_path/Frameworks";
				PRODUCT_BUNDLE_IDENTIFIER = "shin-test.QuanLyQuanAn";
				PRODUCT_NAME = "$(TARGET_NAME)";
				SWIFT_VERSION = 3.0;
			};
			name = Debug;
		};
		6318AACA1E960ED900E0211C /* Release */ = {
			isa = XCBuildConfiguration;
			buildSettings = {
				ASSETCATALOG_COMPILER_APPICON_NAME = AppIcon;
				INFOPLIST_FILE = QuanLyQuanAn/Info.plist;
				IPHONEOS_DEPLOYMENT_TARGET = 10.2;
				LD_RUNPATH_SEARCH_PATHS = "$(inherited) @executable_path/Frameworks";
				PRODUCT_BUNDLE_IDENTIFIER = "shin-test.QuanLyQuanAn";
				PRODUCT_NAME = "$(TARGET_NAME)";
				SWIFT_VERSION = 3.0;
			};
			name = Release;
		};
/* End XCBuildConfiguration section */

/* Begin XCConfigurationList section */
		6318AAAE1E960ED900E0211C /* Build configuration list for PBXProject "QuanLyQuanAn" */ = {
			isa = XCConfigurationList;
			buildConfigurations = (
				6318AAC61E960ED900E0211C /* Debug */,
				6318AAC71E960ED900E0211C /* Release */,
			);
			defaultConfigurationIsVisible = 0;
			defaultConfigurationName = Release;
		};
		6318AAC81E960ED900E0211C /* Build configuration list for PBXNativeTarget "QuanLyQuanAn" */ = {
			isa = XCConfigurationList;
			buildConfigurations = (
				6318AAC91E960ED900E0211C /* Debug */,
				6318AACA1E960ED900E0211C /* Release */,
			);
			defaultConfigurationIsVisible = 0;
			defaultConfigurationName = Release;
		};
/* End XCConfigurationList section */

/* Begin XCVersionGroup section */
		63A07DEA1E9D2F6300459A3B /* QuanLyQuanAn.xcdatamodeld */ = {
			isa = XCVersionGroup;
			children = (
				63BA45241E9D3C5C00EE27DC /* QuanLyQuanAn 2.xcdatamodel */,
				63A07DEB1E9D2F6300459A3B /* QuanLyQuanAn.xcdatamodel */,
			);
			currentVersion = 63BA45241E9D3C5C00EE27DC /* QuanLyQuanAn 2.xcdatamodel */;
			path = QuanLyQuanAn.xcdatamodeld;
			sourceTree = "<group>";
			versionGroupType = wrapper.xcdatamodel;
		};
/* End XCVersionGroup section */
	};
	rootObject = 6318AAAB1E960ED900E0211C /* Project object */;
}
